
Microsoft Visual Studio Solution File, Format Version 12.00
# Visual Studio Version 16
VisualStudioVersion = 16.0.29519.87
MinimumVisualStudioVersion = 10.0.40219.1
Project("{FAE04EC0-301F-11D3-BF4B-00C04F79EFBC}") = "Rocky", "Rocky\Rocky.csproj", "{15485D53-DBCB-4B2A-9901-B422F2F8ACBB}"
EndProject
Global
	GlobalSection(SolutionConfigurationPlatforms) = preSolution
		Debug|Any CPU = Debug|Any CPU
		Release|Any CPU = Release|Any CPU
	EndGlobalSection
	GlobalSection(ProjectConfigurationPlatforms) = postSolution
		{15485D53-DBCB-4B2A-9901-B422F2F8ACBB}.Debug|Any CPU.ActiveCfg = Debug|Any CPU
		{15485D53-DBCB-4B2A-9901-B422F2F8ACBB}.Debug|Any CPU.Build.0 = Debug|Any CPU
		{15485D53-DBCB-4B2A-9901-B422F2F8ACBB}.Release|Any CPU.ActiveCfg = Release|Any CPU
		{15485D53-DBCB-4B2A-9901-B422F2F8ACBB}.Release|Any CPU.Build.0 = Release|Any CPU
	EndGlobalSection
	GlobalSection(SolutionProperties) = preSolution
		HideSolutionNode = FALSE
	EndGlobalSection
	GlobalSection(ExtensibilityGlobals) = postSolution
		SolutionGuid = {E6369FDB-6028-45A9-A8BB-5F6E1544FDF3}
	EndGlobalSection
EndGlobal
